
Microsoft Visual Studio Solution File, Format Version 12.00
# Visual Studio 15
VisualStudioVersion = 15.0.27130.2027
MinimumVisualStudioVersion = 10.0.40219.1
Project("{FAE04EC0-301F-11D3-BF4B-00C04F79EFBC}") = "Banco", "Banco\Banco.csproj", "{445DF9E4-DB6F-49AE-B4CE-14042683E8D3}"
EndProject
Global
	GlobalSection(SolutionConfigurationPlatforms) = preSolution
		Debug|Any CPU = Debug|Any CPU
		Release|Any CPU = Release|Any CPU
	EndGlobalSection
	GlobalSection(ProjectConfigurationPlatforms) = postSolution
		{445DF9E4-DB6F-49AE-B4CE-14042683E8D3}.Debug|Any CPU.ActiveCfg = Debug|Any CPU
		{445DF9E4-DB6F-49AE-B4CE-14042683E8D3}.Debug|Any CPU.Build.0 = Debug|Any CPU
		{445DF9E4-DB6F-49AE-B4CE-14042683E8D3}.Release|Any CPU.ActiveCfg = Release|Any CPU
		{445DF9E4-DB6F-49AE-B4CE-14042683E8D3}.Release|Any CPU.Build.0 = Release|Any CPU
	EndGlobalSection
	GlobalSection(SolutionProperties) = preSolution
		HideSolutionNode = FALSE
	EndGlobalSection
	GlobalSection(ExtensibilityGlobals) = postSolution
		SolutionGuid = {62FE9FC0-A49B-43CF-922E-048CA22E0978}
	EndGlobalSection
EndGlobal
